
Microsoft Visual Studio Solution File, Format Version 12.00
Project("{FAE04EC0-301F-11D3-BF4B-00C04F79EFBC}") = "Runner", "Runner\Runner.csproj", "{2C65F0F2-2FC9-4990-8E6D-DD518CBF711F}"
EndProject
Project("{FAE04EC0-301F-11D3-BF4B-00C04F79EFBC}") = "Framework", "Framework\Framework.csproj", "{0B63F8D4-85FC-40FC-B912-884E7B007E46}"
EndProject
Project("{FAE04EC0-301F-11D3-BF4B-00C04F79EFBC}") = "ProjectForTest", "ProjectForTest\ProjectForTest.csproj", "{E2B5FC93-41B5-4B7C-B879-B0E67320F24F}"
EndProject
Project("{FAE04EC0-301F-11D3-BF4B-00C04F79EFBC}") = "Tests", "Tests\Tests.csproj", "{8FF5C914-F7CA-4816-9202-B0077EE1B558}"
EndProject
Project("{FAE04EC0-301F-11D3-BF4B-00C04F79EFBC}") = "DynamicThreadPool", "DynamicThreadPool\DynamicThreadPool.csproj", "{4C815978-2EDF-4D99-9F72-93C771D57608}"
EndProject
Global
	GlobalSection(SolutionConfigurationPlatforms) = preSolution
		Debug|Any CPU = Debug|Any CPU
		Release|Any CPU = Release|Any CPU
	EndGlobalSection
	GlobalSection(ProjectConfigurationPlatforms) = postSolution
		{2C65F0F2-2FC9-4990-8E6D-DD518CBF711F}.Debug|Any CPU.ActiveCfg = Debug|Any CPU
		{2C65F0F2-2FC9-4990-8E6D-DD518CBF711F}.Debug|Any CPU.Build.0 = Debug|Any CPU
		{2C65F0F2-2FC9-4990-8E6D-DD518CBF711F}.Release|Any CPU.ActiveCfg = Release|Any CPU
		{2C65F0F2-2FC9-4990-8E6D-DD518CBF711F}.Release|Any CPU.Build.0 = Release|Any CPU
		{0B63F8D4-85FC-40FC-B912-884E7B007E46}.Debug|Any CPU.ActiveCfg = Debug|Any CPU
		{0B63F8D4-85FC-40FC-B912-884E7B007E46}.Debug|Any CPU.Build.0 = Debug|Any CPU
		{0B63F8D4-85FC-40FC-B912-884E7B007E46}.Release|Any CPU.ActiveCfg = Release|Any CPU
		{0B63F8D4-85FC-40FC-B912-884E7B007E46}.Release|Any CPU.Build.0 = Release|Any CPU
		{E2B5FC93-41B5-4B7C-B879-B0E67320F24F}.Debug|Any CPU.ActiveCfg = Debug|Any CPU
		{E2B5FC93-41B5-4B7C-B879-B0E67320F24F}.Debug|Any CPU.Build.0 = Debug|Any CPU
		{E2B5FC93-41B5-4B7C-B879-B0E67320F24F}.Release|Any CPU.ActiveCfg = Release|Any CPU
		{E2B5FC93-41B5-4B7C-B879-B0E67320F24F}.Release|Any CPU.Build.0 = Release|Any CPU
		{8FF5C914-F7CA-4816-9202-B0077EE1B558}.Debug|Any CPU.ActiveCfg = Debug|Any CPU
		{8FF5C914-F7CA-4816-9202-B0077EE1B558}.Debug|Any CPU.Build.0 = Debug|Any CPU
		{8FF5C914-F7CA-4816-9202-B0077EE1B558}.Release|Any CPU.ActiveCfg = Release|Any CPU
		{8FF5C914-F7CA-4816-9202-B0077EE1B558}.Release|Any CPU.Build.0 = Release|Any CPU
		{4C815978-2EDF-4D99-9F72-93C771D57608}.Debug|Any CPU.ActiveCfg = Debug|Any CPU
		{4C815978-2EDF-4D99-9F72-93C771D57608}.Debug|Any CPU.Build.0 = Debug|Any CPU
		{4C815978-2EDF-4D99-9F72-93C771D57608}.Release|Any CPU.ActiveCfg = Release|Any CPU
		{4C815978-2EDF-4D99-9F72-93C771D57608}.Release|Any CPU.Build.0 = Release|Any CPU
	EndGlobalSection
EndGlobal
